
Microsoft Visual Studio Solution File, Format Version 12.00
# Visual Studio Version 17
VisualStudioVersion = 17.8.34322.80
MinimumVisualStudioVersion = 10.0.40219.1
Project("{FAE04EC0-301F-11D3-BF4B-00C04F79EFBC}") = "DanceCursor.Client", "DanceCursor.Client\DanceCursor.Client.csproj", "{CD064F6A-83D5-4927-9AD1-83C809BE7B17}"
EndProject
Project("{2150E333-8FDC-42A3-9474-1A3956D46DE8}") = "src", "src", "{8038AF89-7B77-4B5D-A483-D64F0491C4FB}"
EndProject
Project("{2150E333-8FDC-42A3-9474-1A3956D46DE8}") = "Application", "Application", "{C2F720B0-F9DC-4CE8-9AB0-636AB6017447}"
EndProject
Project("{2150E333-8FDC-42A3-9474-1A3956D46DE8}") = "UI", "UI", "{B8780419-67C5-4833-A6F5-43897BD2E66D}"
EndProject
Global
	GlobalSection(SolutionConfigurationPlatforms) = preSolution
		Debug|Any CPU = Debug|Any CPU
		Release|Any CPU = Release|Any CPU
	EndGlobalSection
	GlobalSection(ProjectConfigurationPlatforms) = postSolution
		{CD064F6A-83D5-4927-9AD1-83C809BE7B17}.Debug|Any CPU.ActiveCfg = Debug|Any CPU
		{CD064F6A-83D5-4927-9AD1-83C809BE7B17}.Debug|Any CPU.Build.0 = Debug|Any CPU
		{CD064F6A-83D5-4927-9AD1-83C809BE7B17}.Release|Any CPU.ActiveCfg = Release|Any CPU
		{CD064F6A-83D5-4927-9AD1-83C809BE7B17}.Release|Any CPU.Build.0 = Release|Any CPU
	EndGlobalSection
	GlobalSection(SolutionProperties) = preSolution
		HideSolutionNode = FALSE
	EndGlobalSection
	GlobalSection(NestedProjects) = preSolution
		{CD064F6A-83D5-4927-9AD1-83C809BE7B17} = {B8780419-67C5-4833-A6F5-43897BD2E66D}
		{C2F720B0-F9DC-4CE8-9AB0-636AB6017447} = {8038AF89-7B77-4B5D-A483-D64F0491C4FB}
		{B8780419-67C5-4833-A6F5-43897BD2E66D} = {8038AF89-7B77-4B5D-A483-D64F0491C4FB}
	EndGlobalSection
	GlobalSection(ExtensibilityGlobals) = postSolution
		SolutionGuid = {7D19988D-0D25-4DBD-AD5F-39AE900C0977}
	EndGlobalSection
EndGlobal
