
Microsoft Visual Studio Solution File, Format Version 12.00
# Visual Studio Version 17
VisualStudioVersion = 17.8.34322.80
MinimumVisualStudioVersion = 10.0.40219.1
Project("{9A19103F-16F7-4668-BE54-9A1E7A4F7556}") = "DanceCursor.Client", "src\UI\DanceCursor.Client\DanceCursor.Client.csproj", "{CD064F6A-83D5-4927-9AD1-83C809BE7B17}"
EndProject
Project("{2150E333-8FDC-42A3-9474-1A3956D46DE8}") = "src", "src", "{8038AF89-7B77-4B5D-A483-D64F0491C4FB}"
EndProject
Project("{2150E333-8FDC-42A3-9474-1A3956D46DE8}") = "Application", "Application", "{C2F720B0-F9DC-4CE8-9AB0-636AB6017447}"
EndProject
Project("{2150E333-8FDC-42A3-9474-1A3956D46DE8}") = "UI", "UI", "{B8780419-67C5-4833-A6F5-43897BD2E66D}"
EndProject
Project("{2150E333-8FDC-42A3-9474-1A3956D46DE8}") = "Infrastructure", "Infrastructure", "{C0BA3899-7D83-4890-AEF0-F4C2ED7E59D9}"
EndProject
Project("{FAE04EC0-301F-11D3-BF4B-00C04F79EFBC}") = "DanceCursor.Infrastructure", "src\Infrastructure\DanceCursor.Infrastructure\DanceCursor.Infrastructure.csproj", "{8D2194BB-E63C-4482-B5BF-46EF51ABF991}"
EndProject
Project("{FAE04EC0-301F-11D3-BF4B-00C04F79EFBC}") = "DanceCursor.Shared", "src\UI\DanceCursor.Shared\DanceCursor.Shared.csproj", "{FA896729-D5E4-49A6-A01A-561C2F60B050}"
EndProject
Project("{2150E333-8FDC-42A3-9474-1A3956D46DE8}") = "Domain", "Domain", "{51283C08-5611-4C23-8750-D222DB896052}"
EndProject
Project("{FAE04EC0-301F-11D3-BF4B-00C04F79EFBC}") = "DanceCursor.Domain", "src\Domain\DanceCursor.Domain\DanceCursor.Domain.csproj", "{EEAFF08F-5509-41E1-85E7-270CA1EAD852}"
EndProject
Global
	GlobalSection(SolutionConfigurationPlatforms) = preSolution
		Debug|Any CPU = Debug|Any CPU
		Release|Any CPU = Release|Any CPU
	EndGlobalSection
	GlobalSection(ProjectConfigurationPlatforms) = postSolution
		{CD064F6A-83D5-4927-9AD1-83C809BE7B17}.Debug|Any CPU.ActiveCfg = Debug|Any CPU
		{CD064F6A-83D5-4927-9AD1-83C809BE7B17}.Debug|Any CPU.Build.0 = Debug|Any CPU
		{CD064F6A-83D5-4927-9AD1-83C809BE7B17}.Release|Any CPU.ActiveCfg = Release|Any CPU
		{CD064F6A-83D5-4927-9AD1-83C809BE7B17}.Release|Any CPU.Build.0 = Release|Any CPU
		{8D2194BB-E63C-4482-B5BF-46EF51ABF991}.Debug|Any CPU.ActiveCfg = Debug|Any CPU
		{8D2194BB-E63C-4482-B5BF-46EF51ABF991}.Debug|Any CPU.Build.0 = Debug|Any CPU
		{8D2194BB-E63C-4482-B5BF-46EF51ABF991}.Release|Any CPU.ActiveCfg = Release|Any CPU
		{8D2194BB-E63C-4482-B5BF-46EF51ABF991}.Release|Any CPU.Build.0 = Release|Any CPU
		{FA896729-D5E4-49A6-A01A-561C2F60B050}.Debug|Any CPU.ActiveCfg = Debug|Any CPU
		{FA896729-D5E4-49A6-A01A-561C2F60B050}.Debug|Any CPU.Build.0 = Debug|Any CPU
		{FA896729-D5E4-49A6-A01A-561C2F60B050}.Release|Any CPU.ActiveCfg = Release|Any CPU
		{FA896729-D5E4-49A6-A01A-561C2F60B050}.Release|Any CPU.Build.0 = Release|Any CPU
		{EEAFF08F-5509-41E1-85E7-270CA1EAD852}.Debug|Any CPU.ActiveCfg = Debug|Any CPU
		{EEAFF08F-5509-41E1-85E7-270CA1EAD852}.Debug|Any CPU.Build.0 = Debug|Any CPU
		{EEAFF08F-5509-41E1-85E7-270CA1EAD852}.Release|Any CPU.ActiveCfg = Release|Any CPU
		{EEAFF08F-5509-41E1-85E7-270CA1EAD852}.Release|Any CPU.Build.0 = Release|Any CPU
	EndGlobalSection
	GlobalSection(SolutionProperties) = preSolution
		HideSolutionNode = FALSE
	EndGlobalSection
	GlobalSection(NestedProjects) = preSolution
		{CD064F6A-83D5-4927-9AD1-83C809BE7B17} = {B8780419-67C5-4833-A6F5-43897BD2E66D}
		{C2F720B0-F9DC-4CE8-9AB0-636AB6017447} = {8038AF89-7B77-4B5D-A483-D64F0491C4FB}
		{B8780419-67C5-4833-A6F5-43897BD2E66D} = {8038AF89-7B77-4B5D-A483-D64F0491C4FB}
		{C0BA3899-7D83-4890-AEF0-F4C2ED7E59D9} = {8038AF89-7B77-4B5D-A483-D64F0491C4FB}
		{8D2194BB-E63C-4482-B5BF-46EF51ABF991} = {C0BA3899-7D83-4890-AEF0-F4C2ED7E59D9}
		{FA896729-D5E4-49A6-A01A-561C2F60B050} = {B8780419-67C5-4833-A6F5-43897BD2E66D}
		{51283C08-5611-4C23-8750-D222DB896052} = {8038AF89-7B77-4B5D-A483-D64F0491C4FB}
		{EEAFF08F-5509-41E1-85E7-270CA1EAD852} = {51283C08-5611-4C23-8750-D222DB896052}
	EndGlobalSection
	GlobalSection(ExtensibilityGlobals) = postSolution
		SolutionGuid = {7D19988D-0D25-4DBD-AD5F-39AE900C0977}
	EndGlobalSection
EndGlobal
